
Microsoft Visual Studio Solution File, Format Version 12.00
# Visual Studio 15
VisualStudioVersion = 15.0.28010.2026
MinimumVisualStudioVersion = 10.0.40219.1
Project("{FAE04EC0-301F-11D3-BF4B-00C04F79EFBC}") = "GeometryArea", "GeometryArea\GeometryArea.csproj", "{3180EBA6-3639-4B30-953E-4CC2847C5DA7}"
EndProject
Project("{FAE04EC0-301F-11D3-BF4B-00C04F79EFBC}") = "GeometryArea.Tests", "GeometryArea.Tests\GeometryArea.Tests.csproj", "{048BF016-697A-479D-B01B-CD9768456F4D}"
EndProject
Project("{FAE04EC0-301F-11D3-BF4B-00C04F79EFBC}") = "GeometryArea.Interfaces", "GeometryArea.Interfaces\GeometryArea.Interfaces.csproj", "{9A1C52D1-4ADD-470D-8284-3AA8E94962C5}"
EndProject
Global
	GlobalSection(SolutionConfigurationPlatforms) = preSolution
		Debug|Any CPU = Debug|Any CPU
		Release|Any CPU = Release|Any CPU
	EndGlobalSection
	GlobalSection(ProjectConfigurationPlatforms) = postSolution
		{3180EBA6-3639-4B30-953E-4CC2847C5DA7}.Debug|Any CPU.ActiveCfg = Debug|Any CPU
		{3180EBA6-3639-4B30-953E-4CC2847C5DA7}.Debug|Any CPU.Build.0 = Debug|Any CPU
		{3180EBA6-3639-4B30-953E-4CC2847C5DA7}.Release|Any CPU.ActiveCfg = Release|Any CPU
		{3180EBA6-3639-4B30-953E-4CC2847C5DA7}.Release|Any CPU.Build.0 = Release|Any CPU
		{048BF016-697A-479D-B01B-CD9768456F4D}.Debug|Any CPU.ActiveCfg = Debug|Any CPU
		{048BF016-697A-479D-B01B-CD9768456F4D}.Debug|Any CPU.Build.0 = Debug|Any CPU
		{048BF016-697A-479D-B01B-CD9768456F4D}.Release|Any CPU.ActiveCfg = Release|Any CPU
		{048BF016-697A-479D-B01B-CD9768456F4D}.Release|Any CPU.Build.0 = Release|Any CPU
		{9A1C52D1-4ADD-470D-8284-3AA8E94962C5}.Debug|Any CPU.ActiveCfg = Debug|Any CPU
		{9A1C52D1-4ADD-470D-8284-3AA8E94962C5}.Debug|Any CPU.Build.0 = Debug|Any CPU
		{9A1C52D1-4ADD-470D-8284-3AA8E94962C5}.Release|Any CPU.ActiveCfg = Release|Any CPU
		{9A1C52D1-4ADD-470D-8284-3AA8E94962C5}.Release|Any CPU.Build.0 = Release|Any CPU
	EndGlobalSection
	GlobalSection(SolutionProperties) = preSolution
		HideSolutionNode = FALSE
	EndGlobalSection
	GlobalSection(ExtensibilityGlobals) = postSolution
		SolutionGuid = {4ABE08BC-B672-4CDC-8373-ECC3187B74C8}
	EndGlobalSection
EndGlobal
